Microsoft Visual Studio Solution File, Format Version 12.00
# Visual Studio Version 17
VisualStudioVersion = 17.5.2.0
MinimumVisualStudioVersion = 10.0.40219.1
Project("{FAE04EC0-301F-11D3-BF4B-00C04F79EFBC}") = "IoTDashboard", "IoTDashboard.csproj", "{2356080B-A47A-C1FF-82A7-3E65B3495B34}"
EndProject
Global
	GlobalSection(SolutionConfigurationPlatforms) = preSolution
		Debug|Any CPU = Debug|Any CPU
		Release|Any CPU = Release|Any CPU
	EndGlobalSection
	GlobalSection(ProjectConfigurationPlatforms) = postSolution
		{2356080B-A47A-C1FF-82A7-3E65B3495B34}.Debug|Any CPU.ActiveCfg = Debug|Any CPU
		{2356080B-A47A-C1FF-82A7-3E65B3495B34}.Debug|Any CPU.Build.0 = Debug|Any CPU
		{2356080B-A47A-C1FF-82A7-3E65B3495B34}.Release|Any CPU.ActiveCfg = Release|Any CPU
		{2356080B-A47A-C1FF-82A7-3E65B3495B34}.Release|Any CPU.Build.0 = Release|Any CPU
	EndGlobalSection
	GlobalSection(SolutionProperties) = preSolution
		HideSolutionNode = FALSE
	EndGlobalSection
	GlobalSection(ExtensibilityGlobals) = postSolution
		SolutionGuid = {B1E3EC0B-0723-4619-87F0-034F98A7E586}
	EndGlobalSection
EndGlobal
