Microsoft Visual Studio Solution File, Format Version 12.00
# Visual Studio Version 17
VisualStudioVersion = 17.5.2.0
MinimumVisualStudioVersion = 10.0.40219.1
Project("{FAE04EC0-301F-11D3-BF4B-00C04F79EFBC}") = "final-quiz", "final-quiz.csproj", "{FE32F19A-1BC5-AD9D-E59F-62AEEEA8F18E}"
EndProject
Global
	GlobalSection(SolutionConfigurationPlatforms) = preSolution
		Debug|Any CPU = Debug|Any CPU
		Release|Any CPU = Release|Any CPU
	EndGlobalSection
	GlobalSection(ProjectConfigurationPlatforms) = postSolution
		{FE32F19A-1BC5-AD9D-E59F-62AEEEA8F18E}.Debug|Any CPU.ActiveCfg = Debug|Any CPU
		{FE32F19A-1BC5-AD9D-E59F-62AEEEA8F18E}.Debug|Any CPU.Build.0 = Debug|Any CPU
		{FE32F19A-1BC5-AD9D-E59F-62AEEEA8F18E}.Release|Any CPU.ActiveCfg = Release|Any CPU
		{FE32F19A-1BC5-AD9D-E59F-62AEEEA8F18E}.Release|Any CPU.Build.0 = Release|Any CPU
	EndGlobalSection
	GlobalSection(SolutionProperties) = preSolution
		HideSolutionNode = FALSE
	EndGlobalSection
	GlobalSection(ExtensibilityGlobals) = postSolution
		SolutionGuid = {7A40CAD4-E2BA-4415-9FBF-2178AAFD750F}
	EndGlobalSection
EndGlobal
